
Microsoft Visual Studio Solution File, Format Version 12.00
# Visual Studio Version 16
VisualStudioVersion = 16.0.28803.202
MinimumVisualStudioVersion = 10.0.40219.1
Project("{FAE04EC0-301F-11D3-BF4B-00C04F79EFBC}") = "GameEngine", "GameEngine\GameEngine.csproj", "{7E82F8CA-CE7C-4961-AA45-0500AA1AB9F9}"
EndProject
Project("{FAE04EC0-301F-11D3-BF4B-00C04F79EFBC}") = "GameEngine.Tests", "GameEngine.Tests\GameEngine.Tests.csproj", "{B4DF592D-A333-4BED-B9F6-36B1A6FAB6A1}"
EndProject
Global
	GlobalSection(SolutionConfigurationPlatforms) = preSolution
		Debug|Any CPU = Debug|Any CPU
		Release|Any CPU = Release|Any CPU
	EndGlobalSection
	GlobalSection(ProjectConfigurationPlatforms) = postSolution
		{7E82F8CA-CE7C-4961-AA45-0500AA1AB9F9}.Debug|Any CPU.ActiveCfg = Debug|Any CPU
		{7E82F8CA-CE7C-4961-AA45-0500AA1AB9F9}.Debug|Any CPU.Build.0 = Debug|Any CPU
		{7E82F8CA-CE7C-4961-AA45-0500AA1AB9F9}.Release|Any CPU.ActiveCfg = Release|Any CPU
		{7E82F8CA-CE7C-4961-AA45-0500AA1AB9F9}.Release|Any CPU.Build.0 = Release|Any CPU
		{B4DF592D-A333-4BED-B9F6-36B1A6FAB6A1}.Debug|Any CPU.ActiveCfg = Debug|Any CPU
		{B4DF592D-A333-4BED-B9F6-36B1A6FAB6A1}.Debug|Any CPU.Build.0 = Debug|Any CPU
		{B4DF592D-A333-4BED-B9F6-36B1A6FAB6A1}.Release|Any CPU.ActiveCfg = Release|Any CPU
		{B4DF592D-A333-4BED-B9F6-36B1A6FAB6A1}.Release|Any CPU.Build.0 = Release|Any CPU
	EndGlobalSection
	GlobalSection(SolutionProperties) = preSolution
		HideSolutionNode = FALSE
	EndGlobalSection
	GlobalSection(ExtensibilityGlobals) = postSolution
		SolutionGuid = {68957658-8FB4-4826-B93F-674F3A1A566A}
	EndGlobalSection
EndGlobal
